
Microsoft Visual Studio Solution File, Format Version 12.00
# Visual Studio Version 17
VisualStudioVersion = 17.2.32516.85
MinimumVisualStudioVersion = 10.0.40219.1
Project("{9A19103F-16F7-4668-BE54-9A1E7A4F7556}") = "CsrExtensions", "CsrExtensions\CsrExtensions.csproj", "{87732CA5-6A8C-4A76-AC5E-88CCAD3CD59A}"
EndProject
Global
	GlobalSection(SolutionConfigurationPlatforms) = preSolution
		Debug|Any CPU = Debug|Any CPU
		Release|Any CPU = Release|Any CPU
	EndGlobalSection
	GlobalSection(ProjectConfigurationPlatforms) = postSolution
		{87732CA5-6A8C-4A76-AC5E-88CCAD3CD59A}.Debug|Any CPU.ActiveCfg = Debug|Any CPU
		{87732CA5-6A8C-4A76-AC5E-88CCAD3CD59A}.Debug|Any CPU.Build.0 = Debug|Any CPU
		{87732CA5-6A8C-4A76-AC5E-88CCAD3CD59A}.Release|Any CPU.ActiveCfg = Release|Any CPU
		{87732CA5-6A8C-4A76-AC5E-88CCAD3CD59A}.Release|Any CPU.Build.0 = Release|Any CPU
	EndGlobalSection
	GlobalSection(SolutionProperties) = preSolution
		HideSolutionNode = FALSE
	EndGlobalSection
	GlobalSection(ExtensibilityGlobals) = postSolution
		SolutionGuid = {C4073BAA-4364-47B0-A092-903031A6E1E0}
	EndGlobalSection
EndGlobal
